{
  "name": "cluster-headache-tracker",
  "lockfileVersion": 3,
  "requires": true,
  "packages": {
    "": {
      "dependencies": {
        "tailwindcss": "^4"
      },
      "devDependencies": {
        "daisyui": "^5",
        "tailwindcss-safe-area": "^0"
      }
    },
    "node_modules/daisyui": {
      "version": "5.7.8",
      "resolved": "https://registry.npmjs.org/daisyui/-/daisyui-5.7.8.tgz",
      "integrity": "sha512-/r3QoXteCOSlbvUM7bfOTIkc3rq6WskDRKgdTIF7M3ufdnY8gXsAo/CfRUNM2La21Kpnr34PGyU3uDFJ6sGJog==",
      "dev": true,
      "license": "MIT",
      "funding": {
        "url": "https://github.com/saadeghi/daisyui?sponsor=1"
      }
    },
    "node_modules/tailwindcss": {
      "version": "4.3.3",
      "resolved": "https://registry.npmjs.org/tailwindcss/-/tailwindcss-4.3.3.tgz",
      "integrity": "sha512-gOhV3P7ufE62QDGg1zVaTgCR+EtPv92k2nIhVcVKcLmxT1sUBsQGhnZj175j+MqRt4zLF7ic+sCYjfhxMxj7YQ==",
      "license": "MIT"
    },
    "node_modules/tailwindcss-safe-area": {
      "version": "0.8.0",
      "resolved": "https://registry.npmjs.org/tailwindcss-safe-area/-/tailwindcss-safe-area-0.8.0.tgz",
      "integrity": "sha512-OIKZfSvinI9kZ3hduoSxqP8EfW2rXoKvHnNyTDY2zwem06IIRtLcKdMe0nF98o+Xluk5Fy7mmesr1rSXg/wkhA==",
      "dev": true,
      "license": "MIT",
      "engines": {
        "node": ">=16"
      },
      "funding": {
        "url": "https://github.com/sponsors/mvllow"
      },
      "peerDependencies": {
        "tailwindcss": "^2.0.0 || >=3.0.0"
      }
    }
  }
}
