{
  "name": "cluster-headache-tracker",
  "lockfileVersion": 3,
  "requires": true,
  "packages": {
    "": {
      "dependencies": {
        "tailwindcss": "^4.0.0"
      },
      "devDependencies": {
        "daisyui": "^5.0.0-beta.8",
        "tailwindcss-safe-area": "^1.3.0"
      }
    },
    "node_modules/daisyui": {
      "version": "5.4.7",
      "resolved": "https://registry.npmjs.org/daisyui/-/daisyui-5.4.7.tgz",
      "integrity": "sha512-2wYO61vTPCXk7xEBgnzLZAYoE0xS5IRLu/GSq0vORpB+cTrtubdx69NnA0loc0exvCY1s2fYL4lGZtFHe2ohNQ==",
      "dev": true,
      "license": "MIT",
      "funding": {
        "url": "https://github.com/saadeghi/daisyui?sponsor=1"
      }
    },
    "node_modules/tailwindcss": {
      "version": "4.1.17",
      "resolved": "https://registry.npmjs.org/tailwindcss/-/tailwindcss-4.1.17.tgz",
      "integrity": "sha512-j9Ee2YjuQqYT9bbRTfTZht9W/ytp5H+jJpZKiYdP/bpnXARAuELt9ofP0lPnmHjbga7SNQIxdTAXCmtKVYjN+Q==",
      "license": "MIT",
      "peer": true
    },
    "node_modules/tailwindcss-safe-area": {
      "version": "1.3.0",
      "resolved": "https://registry.npmjs.org/tailwindcss-safe-area/-/tailwindcss-safe-area-1.3.0.tgz",
      "integrity": "sha512-RoxnW1zAjBWC3XK+row7Qj5toRMRlKNN/p3FLXb6fTGKxDGWT6JP/mcNX1yf09xRficQ308hbwiedgniepSp1Q==",
      "dev": true,
      "license": "MIT",
      "engines": {
        "node": ">=20"
      },
      "funding": {
        "url": "https://github.com/sponsors/mvllow"
      },
      "peerDependencies": {
        "tailwindcss": "^4.0.0"
      }
    }
  }
}
