{
  "name": "cluster-headache-tracker",
  "lockfileVersion": 3,
  "requires": true,
  "packages": {
    "": {
      "dependencies": {
        "tailwindcss": "^4.0.0"
      },
      "devDependencies": {
        "daisyui": "^5.0.9",
        "tailwindcss-safe-area": "^0.6.0"
      }
    },
    "node_modules/daisyui": {
      "version": "5.0.9",
      "resolved": "https://registry.npmjs.org/daisyui/-/daisyui-5.0.9.tgz",
      "integrity": "sha512-RsaehHh45f+0shWgZZaOY09/8eOae2voRsqJCD71j9yrnYgcke0Nj5ys0ZxrW4SPcc4+q96kWyJu0Z8P1zZdoA==",
      "dev": true,
      "license": "MIT",
      "funding": {
        "url": "https://github.com/saadeghi/daisyui?sponsor=1"
      }
    },
    "node_modules/tailwindcss": {
      "version": "4.0.12",
      "resolved": "https://registry.npmjs.org/tailwindcss/-/tailwindcss-4.0.12.tgz",
      "integrity": "sha512-bT0hJo91FtncsAMSsMzUkoo/iEU0Xs5xgFgVC9XmdM9bw5MhZuQFjPNl6wxAE0SiQF/YTZJa+PndGWYSDtuxAg==",
      "license": "MIT"
    },
    "node_modules/tailwindcss-safe-area": {
      "version": "0.6.0",
      "resolved": "https://registry.npmjs.org/tailwindcss-safe-area/-/tailwindcss-safe-area-0.6.0.tgz",
      "integrity": "sha512-5PM3CKquzmaa6mow64zWJ0438/yGSqdPfjaXtwNDb31LezNWqFoGPSbvrW12T8iB4EBjeWot+qAA9nbUqqf3sw==",
      "dev": true,
      "license": "MIT",
      "engines": {
        "node": ">=16"
      },
      "funding": {
        "url": "https://github.com/sponsors/mvllow"
      },
      "peerDependencies": {
        "tailwindcss": "^2.0.0 || >=3.0.0"
      }
    }
  }
}
